<?xml version="1.0" encoding="utf-8"?>
<Project ToolsVersion="4.0" xmlns="http://schemas.microsoft.com/developer/msbuild/2003">
  <ItemGroup>
    <ClCompile Include="stdafx.cpp" />
    <ClCompile Include="Main.cpp" />
    <ClCompile Include="Runtime\RHI\Vulkan\VulkanUtils.cpp">
      <Filter>Runtime\RHI\Vulkan</Filter>
    </ClCompile>
    <ClCompile Include="Runtime\RHI\Vulkan\VulkanApplication.cpp">
      <Filter>Runtime\RHI\Vulkan</Filter>
    </ClCompile>
    <ClCompile Include="Runtime\Asset\AssetManager.cpp">
      <Filter>Runtime\Asset</Filter>
    </ClCompile>
    <ClCompile Include="..\3rd\DearImGui\imgui.cpp">
      <Filter>Runtime\3rd\DearImGui</Filter>
    </ClCompile>
    <ClCompile Include="..\3rd\DearImGui\imgui_demo.cpp">
      <Filter>Runtime\3rd\DearImGui</Filter>
    </ClCompile>
    <ClCompile Include="..\3rd\DearImGui\imgui_draw.cpp">
      <Filter>Runtime\3rd\DearImGui</Filter>
    </ClCompile>
    <ClCompile Include="..\3rd\DearImGui\imgui_impl_glfw.cpp">
      <Filter>Runtime\3rd\DearImGui</Filter>
    </ClCompile>
    <ClCompile Include="..\3rd\DearImGui\imgui_impl_vulkan.cpp">
      <Filter>Runtime\3rd\DearImGui</Filter>
    </ClCompile>
    <ClCompile Include="..\3rd\DearImGui\imgui_widgets.cpp">
      <Filter>Runtime\3rd\DearImGui</Filter>
    </ClCompile>
  </ItemGroup>
  <ItemGroup>
    <ClInclude Include="stdafx.h" />
    <ClInclude Include="targetver.h" />
    <ClInclude Include="Runtime\RHI\Vulkan\VulkanUtils.h">
      <Filter>Runtime\RHI\Vulkan</Filter>
    </ClInclude>
    <ClInclude Include="Runtime\RHI\Vulkan\VulkanApplication.h">
      <Filter>Runtime\RHI\Vulkan</Filter>
    </ClInclude>
    <ClInclude Include="Runtime\Camera.h">
      <Filter>Runtime</Filter>
    </ClInclude>
    <ClInclude Include="Runtime\Core\Core.h">
      <Filter>Runtime\Core</Filter>
    </ClInclude>
    <ClInclude Include="Runtime\Asset\AssetManager.h">
      <Filter>Runtime\Asset</Filter>
    </ClInclude>
    <ClInclude Include="..\3rd\DearImGui\imconfig.h">
      <Filter>Runtime\3rd\DearImGui</Filter>
    </ClInclude>
    <ClInclude Include="..\3rd\DearImGui\imgui.h">
      <Filter>Runtime\3rd\DearImGui</Filter>
    </ClInclude>
    <ClInclude Include="..\3rd\DearImGui\imgui_impl_glfw.h">
      <Filter>Runtime\3rd\DearImGui</Filter>
    </ClInclude>
    <ClInclude Include="..\3rd\DearImGui\imgui_impl_vulkan.h">
      <Filter>Runtime\3rd\DearImGui</Filter>
    </ClInclude>
    <ClInclude Include="..\3rd\DearImGui\imgui_internal.h">
      <Filter>Runtime\3rd\DearImGui</Filter>
    </ClInclude>
    <ClInclude Include="..\3rd\DearImGui\imstb_rectpack.h">
      <Filter>Runtime\3rd\DearImGui</Filter>
    </ClInclude>
    <ClInclude Include="..\3rd\DearImGui\imstb_textedit.h">
      <Filter>Runtime\3rd\DearImGui</Filter>
    </ClInclude>
    <ClInclude Include="..\3rd\DearImGui\imstb_truetype.h">
      <Filter>Runtime\3rd\DearImGui</Filter>
    </ClInclude>
  </ItemGroup>
  <ItemGroup>
    <Filter Include="Runtime">
      <UniqueIdentifier>{8d5696d0-e620-4827-8c69-c9c1611d5801}</UniqueIdentifier>
    </Filter>
    <Filter Include="Runtime\RHI">
      <UniqueIdentifier>{fb78af31-8a09-4e89-9c42-c077ca90182f}</UniqueIdentifier>
    </Filter>
    <Filter Include="Runtime\RHI\Vulkan">
      <UniqueIdentifier>{a1f44ba0-6767-43ed-9b7d-56c7f2117fb6}</UniqueIdentifier>
    </Filter>
    <Filter Include="Runtime\Core">
      <UniqueIdentifier>{58bf3faa-a2f8-413b-af87-66fbd62a4035}</UniqueIdentifier>
    </Filter>
    <Filter Include="Runtime\Asset">
      <UniqueIdentifier>{06e6a78e-f8d1-4776-a9d4-35f5203e7ac2}</UniqueIdentifier>
    </Filter>
    <Filter Include="Runtime\3rd">
      <UniqueIdentifier>{9a7f18e5-8e99-455b-b32e-fda6515fa5b3}</UniqueIdentifier>
    </Filter>
    <Filter Include="Runtime\3rd\DearImGui">
      <UniqueIdentifier>{64099b4f-0a10-4c87-8eda-31b2d01ddc26}</UniqueIdentifier>
    </Filter>
  </ItemGroup>
</Project>